// !$*UTF8*$!
{
	archiveVersion = 1;
	classes = {
	};
	objectVersion = 46;
	objects = {

/* Begin PBXBuildFile section */
		04527F951C85242200E59C27 /* MBProgressHUD.bundle in Resources */ = {isa = PBXBuildFile; fileRef = 04527F901C85242200E59C27 /* MBProgressHUD.bundle */; };
		04527F961C85242200E59C27 /* MBProgressHUD.m in Sources */ = {isa = PBXBuildFile; fileRef = 04527F921C85242200E59C27 /* MBProgressHUD.m */; };
		04527F971C85242200E59C27 /* MBProgressHUD+MJ.m in Sources */ = {isa = PBXBuildFile; fileRef = 04527F941C85242200E59C27 /* MBProgressHUD+MJ.m */; };
		04BC52681C8437D00076C89B /* main.m in Sources */ = {isa = PBXBuildFile; fileRef = 04BC52671C8437D00076C89B /* main.m */; };
		04BC526B1C8437D00076C89B /* AppDelegate.m in Sources */ = {isa = PBXBuildFile; fileRef = 04BC526A1C8437D00076C89B /* AppDelegate.m */; };
		04BC526E1C8437D00076C89B /* ViewController.m in Sources */ = {isa = PBXBuildFile; fileRef = 04BC526D1C8437D00076C89B /* ViewController.m */; };
		04BC52711C8437D00076C89B /* Main.storyboard in Resources */ = {isa = PBXBuildFile; fileRef = 04BC526F1C8437D00076C89B /* Main.storyboard */; };
		04BC52731C8437D00076C89B /* Assets.xcassets in Resources */ = {isa = PBXBuildFile; fileRef = 04BC52721C8437D00076C89B /* Assets.xcassets */; };
		04BC52761C8437D00076C89B /* LaunchScreen.storyboard in Resources */ = {isa = PBXBuildFile; fileRef = 04BC52741C8437D00076C89B /* LaunchScreen.storyboard */; };
		04BC527F1C843B300076C89B /* DrawView.m in Sources */ = {isa = PBXBuildFile; fileRef = 04BC527E1C843B300076C89B /* DrawView.m */; };
/* End PBXBuildFile section */

/* Begin PBXFileReference section */
		04527F901C85242200E59C27 /* MBProgressHUD.bundle */ = {isa = PBXFileReference; lastKnownFileType = "wrapper.plug-in"; path = MBProgressHUD.bundle; sourceTree = "<group>"; };
		04527F911C85242200E59C27 /* MBProgressHUD.h */ = {isa = PBXFileReference; fileEncoding = 4; lastKnownFileType = sourcecode.c.h; path = MBProgressHUD.h; sourceTree = "<group>"; };
		04527F921C85242200E59C27 /* MBProgressHUD.m */ = {isa = PBXFileReference; fileEncoding = 4; lastKnownFileType = sourcecode.c.objc; path = MBProgressHUD.m; sourceTree = "<group>"; };
		04527F931C85242200E59C27 /* MBProgressHUD+MJ.h */ = {isa = PBXFileReference; fileEncoding = 4; lastKnownFileType = sourcecode.c.h; path = "MBProgressHUD+MJ.h"; sourceTree = "<group>"; };
		04527F941C85242200E59C27 /* MBProgressHUD+MJ.m */ = {isa = PBXFileReference; fileEncoding = 4; lastKnownFileType = sourcecode.c.objc; path = "MBProgressHUD+MJ.m"; sourceTree = "<group>"; };
		04527F981C85243A00E59C27 /* SetFile.pch */ = {isa = PBXFileReference; lastKnownFileType = sourcecode.c.h; lineEnding = 0; path = SetFile.pch; sourceTree = "<group>"; xcLanguageSpecificationIdentifier = xcode.lang.objc; };
		04BC52631C8437D00076C89B /* AutoDraw.app */ = {isa = PBXFileReference; explicitFileType = wrapper.application; includeInIndex = 0; path = AutoDraw.app; sourceTree = BUILT_PRODUCTS_DIR; };
		04BC52671C8437D00076C89B /* main.m */ = {isa = PBXFileReference; lastKnownFileType = sourcecode.c.objc; lineEnding = 0; path = main.m; sourceTree = "<group>"; xcLanguageSpecificationIdentifier = xcode.lang.objc; };
		04BC52691C8437D00076C89B /* AppDelegate.h */ = {isa = PBXFileReference; lastKnownFileType = sourcecode.c.h; lineEnding = 0; path = AppDelegate.h; sourceTree = "<group>"; xcLanguageSpecificationIdentifier = xcode.lang.objcpp; };
		04BC526A1C8437D00076C89B /* AppDelegate.m */ = {isa = PBXFileReference; lastKnownFileType = sourcecode.c.objc; lineEnding = 0; path = AppDelegate.m; sourceTree = "<group>"; xcLanguageSpecificationIdentifier = xcode.lang.objc; };
		04BC526C1C8437D00076C89B /* ViewController.h */ = {isa = PBXFileReference; lastKnownFileType = sourcecode.c.h; lineEnding = 0; path = ViewController.h; sourceTree = "<group>"; xcLanguageSpecificationIdentifier = xcode.lang.objcpp; };
		04BC526D1C8437D00076C89B /* ViewController.m */ = {isa = PBXFileReference; lastKnownFileType = sourcecode.c.objc; lineEnding = 0; path = ViewController.m; sourceTree = "<group>"; xcLanguageSpecificationIdentifier = xcode.lang.objc; };
		04BC52701C8437D00076C89B /* Base */ = {isa = PBXFileReference; lastKnownFileType = file.storyboard; name = Base; path = Base.lproj/Main.storyboard; sourceTree = "<group>"; };
		04BC52721C8437D00076C89B /* Assets.xcassets */ = {isa = PBXFileReference; lastKnownFileType = folder.assetcatalog; path = Assets.xcassets; sourceTree = "<group>"; };
		04BC52751C8437D00076C89B /* Base */ = {isa = PBXFileReference; lastKnownFileType = file.storyboard; name = Base; path = Base.lproj/LaunchScreen.storyboard; sourceTree = "<group>"; };
		04BC52771C8437D00076C89B /* Info.plist */ = {isa = PBXFileReference; lastKnownFileType = text.plist.xml; path = Info.plist; sourceTree = "<group>"; };
		04BC527D1C843B300076C89B /* DrawView.h */ = {isa = PBXFileReference; fileEncoding = 4; lastKnownFileType = sourcecode.c.h; lineEnding = 0; path = DrawView.h; sourceTree = "<group>"; xcLanguageSpecificationIdentifier = xcode.lang.objcpp; };
		04BC527E1C843B300076C89B /* DrawView.m */ = {isa = PBXFileReference; fileEncoding = 4; lastKnownFileType = sourcecode.c.objc; lineEnding = 0; path = DrawView.m; sourceTree = "<group>"; xcLanguageSpecificationIdentifier = xcode.lang.objc; };
/* End PBXFileReference section */

/* Begin PBXFrameworksBuildPhase section */
		04BC52601C8437D00076C89B /* Frameworks */ = {
			isa = PBXFrameworksBuildPhase;
			buildActionMask = 2147483647;
			files = (
			);
			runOnlyForDeploymentPostprocessing = 0;
		};
/* End PBXFrameworksBuildPhase section */

/* Begin PBXGroup section */
		04527F8B1C8523D300E59C27 /* Library */ = {
			isa = PBXGroup;
			children = (
				04527F8F1C85241500E59C27 /* MBProgressHUD */,
			);
			name = Library;
			sourceTree = "<group>";
		};
		04527F8C1C8523D900E59C27 /* View */ = {
			isa = PBXGroup;
			children = (
				04BC527D1C843B300076C89B /* DrawView.h */,
				04BC527E1C843B300076C89B /* DrawView.m */,
			);
			name = View;
			sourceTree = "<group>";
		};
		04527F8D1C8523E200E59C27 /* Controller */ = {
			isa = PBXGroup;
			children = (
				04BC526C1C8437D00076C89B /* ViewController.h */,
				04BC526D1C8437D00076C89B /* ViewController.m */,
			);
			name = Controller;
			sourceTree = "<group>";
		};
		04527F8E1C8523EA00E59C27 /* Main */ = {
			isa = PBXGroup;
			children = (
				04BC52691C8437D00076C89B /* AppDelegate.h */,
				04BC526A1C8437D00076C89B /* AppDelegate.m */,
				04BC526F1C8437D00076C89B /* Main.storyboard */,
			);
			name = Main;
			sourceTree = "<group>";
		};
		04527F8F1C85241500E59C27 /* MBProgressHUD */ = {
			isa = PBXGroup;
			children = (
				04527F901C85242200E59C27 /* MBProgressHUD.bundle */,
				04527F911C85242200E59C27 /* MBProgressHUD.h */,
				04527F921C85242200E59C27 /* MBProgressHUD.m */,
				04527F931C85242200E59C27 /* MBProgressHUD+MJ.h */,
				04527F941C85242200E59C27 /* MBProgressHUD+MJ.m */,
			);
			name = MBProgressHUD;
			sourceTree = "<group>";
		};
		04BC525A1C8437D00076C89B = {
			isa = PBXGroup;
			children = (
				04BC52651C8437D00076C89B /* AutoDraw */,
				04BC52641C8437D00076C89B /* Products */,
			);
			sourceTree = "<group>";
		};
		04BC52641C8437D00076C89B /* Products */ = {
			isa = PBXGroup;
			children = (
				04BC52631C8437D00076C89B /* AutoDraw.app */,
			);
			name = Products;
			sourceTree = "<group>";
		};
		04BC52651C8437D00076C89B /* AutoDraw */ = {
			isa = PBXGroup;
			children = (
				04527F8B1C8523D300E59C27 /* Library */,
				04527F8E1C8523EA00E59C27 /* Main */,
				04527F8C1C8523D900E59C27 /* View */,
				04527F8D1C8523E200E59C27 /* Controller */,
				04BC52661C8437D00076C89B /* Supporting Files */,
			);
			name = AutoDraw;
			path = "画板涂鸦";
			sourceTree = "<group>";
		};
		04BC52661C8437D00076C89B /* Supporting Files */ = {
			isa = PBXGroup;
			children = (
				04BC52721C8437D00076C89B /* Assets.xcassets */,
				04BC52741C8437D00076C89B /* LaunchScreen.storyboard */,
				04BC52771C8437D00076C89B /* Info.plist */,
				04BC52671C8437D00076C89B /* main.m */,
				04527F981C85243A00E59C27 /* SetFile.pch */,
			);
			name = "Supporting Files";
			sourceTree = "<group>";
		};
/* End PBXGroup section */

/* Begin PBXNativeTarget section */
		04BC52621C8437D00076C89B /* AutoDraw */ = {
			isa = PBXNativeTarget;
			buildConfigurationList = 04BC527A1C8437D00076C89B /* Build configuration list for PBXNativeTarget "AutoDraw" */;
			buildPhases = (
				04BC525F1C8437D00076C89B /* Sources */,
				04BC52601C8437D00076C89B /* Frameworks */,
				04BC52611C8437D00076C89B /* Resources */,
			);
			buildRules = (
			);
			dependencies = (
			);
			name = AutoDraw;
			productName = "画板涂鸦";
			productReference = 04BC52631C8437D00076C89B /* AutoDraw.app */;
			productType = "com.apple.product-type.application";
		};
/* End PBXNativeTarget section */

/* Begin PBXProject section */
		04BC525B1C8437D00076C89B /* Project object */ = {
			isa = PBXProject;
			attributes = {
				LastUpgradeCheck = 0720;
				ORGANIZATIONNAME = gdd;
				TargetAttributes = {
					04BC52621C8437D00076C89B = {
						CreatedOnToolsVersion = 7.2;
						DevelopmentTeam = 4ETV77S77W;
					};
				};
			};
			buildConfigurationList = 04BC525E1C8437D00076C89B /* Build configuration list for PBXProject "AutoDraw" */;
			compatibilityVersion = "Xcode 3.2";
			developmentRegion = English;
			hasScannedForEncodings = 0;
			knownRegions = (
				en,
				Base,
			);
			mainGroup = 04BC525A1C8437D00076C89B;
			productRefGroup = 04BC52641C8437D00076C89B /* Products */;
			projectDirPath = "";
			projectRoot = "";
			targets = (
				04BC52621C8437D00076C89B /* AutoDraw */,
			);
		};
/* End PBXProject section */

/* Begin PBXResourcesBuildPhase section */
		04BC52611C8437D00076C89B /* Resources */ = {
			isa = PBXResourcesBuildPhase;
			buildActionMask = 2147483647;
			files = (
				04BC52761C8437D00076C89B /* LaunchScreen.storyboard in Resources */,
				04527F951C85242200E59C27 /* MBProgressHUD.bundle in Resources */,
				04BC52731C8437D00076C89B /* Assets.xcassets in Resources */,
				04BC52711C8437D00076C89B /* Main.storyboard in Resources */,
			);
			runOnlyForDeploymentPostprocessing = 0;
		};
/* End PBXResourcesBuildPhase section */

/* Begin PBXSourcesBuildPhase section */
		04BC525F1C8437D00076C89B /* Sources */ = {
			isa = PBXSourcesBuildPhase;
			buildActionMask = 2147483647;
			files = (
				04527F971C85242200E59C27 /* MBProgressHUD+MJ.m in Sources */,
				04BC526E1C8437D00076C89B /* ViewController.m in Sources */,
				04BC526B1C8437D00076C89B /* AppDelegate.m in Sources */,
				04527F961C85242200E59C27 /* MBProgressHUD.m in Sources */,
				04BC527F1C843B300076C89B /* DrawView.m in Sources */,
				04BC52681C8437D00076C89B /* main.m in Sources */,
			);
			runOnlyForDeploymentPostprocessing = 0;
		};
/* End PBXSourcesBuildPhase section */

/* Begin PBXVariantGroup section */
		04BC526F1C8437D00076C89B /* Main.storyboard */ = {
			isa = PBXVariantGroup;
			children = (
				04BC52701C8437D00076C89B /* Base */,
			);
			name = Main.storyboard;
			sourceTree = "<group>";
		};
		04BC52741C8437D00076C89B /* LaunchScreen.storyboard */ = {
			isa = PBXVariantGroup;
			children = (
				04BC52751C8437D00076C89B /* Base */,
			);
			name = LaunchScreen.storyboard;
			sourceTree = "<group>";
		};
/* End PBXVariantGroup section */

/* Begin XCBuildConfiguration section */
		04BC52781C8437D00076C89B /* Debug */ = {
			isa = XCBuildConfiguration;
			buildSettings = {
				ALWAYS_SEARCH_USER_PATHS = NO;
				CLANG_CXX_LANGUAGE_STANDARD = "gnu++0x";
				CLANG_CXX_LIBRARY = "libc++";
				CLANG_ENABLE_MODULES = YES;
				CLANG_ENABLE_OBJC_ARC = YES;
				CLANG_WARN_BOOL_CONVERSION = YES;
				CLANG_WARN_CONSTANT_CONVERSION = YES;
				CLANG_WARN_DIRECT_OBJC_ISA_USAGE = YES_ERROR;
				CLANG_WARN_EMPTY_BODY = YES;
				CLANG_WARN_ENUM_CONVERSION = YES;
				CLANG_WARN_INT_CONVERSION = YES;
				CLANG_WARN_OBJC_ROOT_CLASS = YES_ERROR;
				CLANG_WARN_UNREACHABLE_CODE = YES;
				CLANG_WARN__DUPLICATE_METHOD_MATCH = YES;
				"CODE_SIGN_IDENTITY[sdk=iphoneos*]" = "iPhone Developer";
				COPY_PHASE_STRIP = NO;
				DEBUG_INFORMATION_FORMAT = dwarf;
				ENABLE_STRICT_OBJC_MSGSEND = YES;
				ENABLE_TESTABILITY = YES;
				GCC_C_LANGUAGE_STANDARD = gnu99;
				GCC_DYNAMIC_NO_PIC = NO;
				GCC_NO_COMMON_BLOCKS = YES;
				GCC_OPTIMIZATION_LEVEL = 0;
				GCC_PREPROCESSOR_DEFINITIONS = (
					"DEBUG=1",
					"$(inherited)",
				);
				GCC_WARN_64_TO_32_BIT_CONVERSION = YES;
				GCC_WARN_ABOUT_RETURN_TYPE = YES_ERROR;
				GCC_WARN_UNDECLARED_SELECTOR = YES;
				GCC_WARN_UNINITIALIZED_AUTOS = YES_AGGRESSIVE;
				GCC_WARN_UNUSED_FUNCTION = YES;
				GCC_WARN_UNUSED_VARIABLE = YES;
				IPHONEOS_DEPLOYMENT_TARGET = 9.2;
				MTL_ENABLE_DEBUG_INFO = YES;
				ONLY_ACTIVE_ARCH = YES;
				SDKROOT = iphoneos;
			};
			name = Debug;
		};
		04BC52791C8437D00076C89B /* Release */ = {
			isa = XCBuildConfiguration;
			buildSettings = {
				ALWAYS_SEARCH_USER_PATHS = NO;
				CLANG_CXX_LANGUAGE_STANDARD = "gnu++0x";
				CLANG_CXX_LIBRARY = "libc++";
				CLANG_ENABLE_MODULES = YES;
				CLANG_ENABLE_OBJC_ARC = YES;
				CLANG_WARN_BOOL_CONVERSION = YES;
				CLANG_WARN_CONSTANT_CONVERSION = YES;
				CLANG_WARN_DIRECT_OBJC_ISA_USAGE = YES_ERROR;
				CLANG_WARN_EMPTY_BODY = YES;
				CLANG_WARN_ENUM_CONVERSION = YES;
				CLANG_WARN_INT_CONVERSION = YES;
				CLANG_WARN_OBJC_ROOT_CLASS = YES_ERROR;
				CLANG_WARN_UNREACHABLE_CODE = YES;
				CLANG_WARN__DUPLICATE_METHOD_MATCH = YES;
				"CODE_SIGN_IDENTITY[sdk=iphoneos*]" = "iPhone Developer";
				COPY_PHASE_STRIP = NO;
				DEBUG_INFORMATION_FORMAT = "dwarf-with-dsym";
				ENABLE_NS_ASSERTIONS = NO;
				ENABLE_STRICT_OBJC_MSGSEND = YES;
				GCC_C_LANGUAGE_STANDARD = gnu99;
				GCC_NO_COMMON_BLOCKS = YES;
				GCC_WARN_64_TO_32_BIT_CONVERSION = YES;
				GCC_WARN_ABOUT_RETURN_TYPE = YES_ERROR;
				GCC_WARN_UNDECLARED_SELECTOR = YES;
				GCC_WARN_UNINITIALIZED_AUTOS = YES_AGGRESSIVE;
				GCC_WARN_UNUSED_FUNCTION = YES;
				GCC_WARN_UNUSED_VARIABLE = YES;
				IPHONEOS_DEPLOYMENT_TARGET = 9.2;
				MTL_ENABLE_DEBUG_INFO = NO;
				SDKROOT = iphoneos;
				VALIDATE_PRODUCT = YES;
			};
			name = Release;
		};
		04BC527B1C8437D00076C89B /* Debug */ = {
			isa = XCBuildConfiguration;
			buildSettings = {
				ASSETCATALOG_COMPILER_APPICON_NAME = AppIcon;
				DEVELOPMENT_TEAM = 4ETV77S77W;
				GCC_PREFIX_HEADER = "画板涂鸦/SetFile.pch";
				INFOPLIST_FILE = "画板涂鸦/Info.plist";
				LD_RUNPATH_SEARCH_PATHS = "$(inherited) @executable_path/Frameworks";
				PRODUCT_BUNDLE_IDENTIFIER = "com.gdd.----";
				PRODUCT_NAME = "$(TARGET_NAME)";
			};
			name = Debug;
		};
		04BC527C1C8437D00076C89B /* Release */ = {
			isa = XCBuildConfiguration;
			buildSettings = {
				ASSETCATALOG_COMPILER_APPICON_NAME = AppIcon;
				DEVELOPMENT_TEAM = 4ETV77S77W;
				GCC_PREFIX_HEADER = "画板涂鸦/SetFile.pch";
				INFOPLIST_FILE = "画板涂鸦/Info.plist";
				LD_RUNPATH_SEARCH_PATHS = "$(inherited) @executable_path/Frameworks";
				PRODUCT_BUNDLE_IDENTIFIER = "com.gdd.----";
				PRODUCT_NAME = "$(TARGET_NAME)";
			};
			name = Release;
		};
/* End XCBuildConfiguration section */

/* Begin XCConfigurationList section */
		04BC525E1C8437D00076C89B /* Build configuration list for PBXProject "AutoDraw" */ = {
			isa = XCConfigurationList;
			buildConfigurations = (
				04BC52781C8437D00076C89B /* Debug */,
				04BC52791C8437D00076C89B /* Release */,
			);
			defaultConfigurationIsVisible = 0;
			defaultConfigurationName = Release;
		};
		04BC527A1C8437D00076C89B /* Build configuration list for PBXNativeTarget "AutoDraw" */ = {
			isa = XCConfigurationList;
			buildConfigurations = (
				04BC527B1C8437D00076C89B /* Debug */,
				04BC527C1C8437D00076C89B /* Release */,
			);
			defaultConfigurationIsVisible = 0;
			defaultConfigurationName = Release;
		};
/* End XCConfigurationList section */
	};
	rootObject = 04BC525B1C8437D00076C89B /* Project object */;
}
